<?xml version="1.0" encoding="utf-8"?>
<Project ToolsVersion="17.0" xmlns="http://schemas.microsoft.com/developer/msbuild/2003">
  <ItemGroup>
    <ClCompile Include="E:\DATA\Running On\Visual Studio\OpenGL Tutorial\Dependencies\glfw\src\context.c">
      <Filter>Source Files</Filter>
    </ClCompile>
    <ClCompile Include="E:\DATA\Running On\Visual Studio\OpenGL Tutorial\Dependencies\glfw\src\init.c">
      <Filter>Source Files</Filter>
    </ClCompile>
    <ClCompile Include="E:\DATA\Running On\Visual Studio\OpenGL Tutorial\Dependencies\glfw\src\input.c">
      <Filter>Source Files</Filter>
    </ClCompile>
    <ClCompile Include="E:\DATA\Running On\Visual Studio\OpenGL Tutorial\Dependencies\glfw\src\monitor.c">
      <Filter>Source Files</Filter>
    </ClCompile>
    <ClCompile Include="E:\DATA\Running On\Visual Studio\OpenGL Tutorial\Dependencies\glfw\src\vulkan.c">
      <Filter>Source Files</Filter>
    </ClCompile>
    <ClCompile Include="E:\DATA\Running On\Visual Studio\OpenGL Tutorial\Dependencies\glfw\src\window.c">
      <Filter>Source Files</Filter>
    </ClCompile>
    <ClCompile Include="E:\DATA\Running On\Visual Studio\OpenGL Tutorial\Dependencies\glfw\src\win32_init.c">
      <Filter>Source Files</Filter>
    </ClCompile>
    <ClCompile Include="E:\DATA\Running On\Visual Studio\OpenGL Tutorial\Dependencies\glfw\src\win32_joystick.c">
      <Filter>Source Files</Filter>
    </ClCompile>
    <ClCompile Include="E:\DATA\Running On\Visual Studio\OpenGL Tutorial\Dependencies\glfw\src\win32_monitor.c">
      <Filter>Source Files</Filter>
    </ClCompile>
    <ClCompile Include="E:\DATA\Running On\Visual Studio\OpenGL Tutorial\Dependencies\glfw\src\win32_time.c">
      <Filter>Source Files</Filter>
    </ClCompile>
    <ClCompile Include="E:\DATA\Running On\Visual Studio\OpenGL Tutorial\Dependencies\glfw\src\win32_thread.c">
      <Filter>Source Files</Filter>
    </ClCompile>
    <ClCompile Include="E:\DATA\Running On\Visual Studio\OpenGL Tutorial\Dependencies\glfw\src\win32_window.c">
      <Filter>Source Files</Filter>
    </ClCompile>
    <ClCompile Include="E:\DATA\Running On\Visual Studio\OpenGL Tutorial\Dependencies\glfw\src\wgl_context.c">
      <Filter>Source Files</Filter>
    </ClCompile>
    <ClCompile Include="E:\DATA\Running On\Visual Studio\OpenGL Tutorial\Dependencies\glfw\src\egl_context.c">
      <Filter>Source Files</Filter>
    </ClCompile>
    <ClCompile Include="E:\DATA\Running On\Visual Studio\OpenGL Tutorial\Dependencies\glfw\src\osmesa_context.c">
      <Filter>Source Files</Filter>
    </ClCompile>
  </ItemGroup>
  <ItemGroup>
    <ClInclude Include="E:\DATA\Running On\Visual Studio\OpenGL Tutorial\Dependencies\glfw\src\internal.h">
      <Filter>Header Files</Filter>
    </ClInclude>
    <ClInclude Include="E:\DATA\Running On\Visual Studio\OpenGL Tutorial\Dependencies\glfw\src\mappings.h">
      <Filter>Header Files</Filter>
    </ClInclude>
    <ClInclude Include="E:\DATA\Running On\Visual Studio\OpenGL Tutorial\Dependencies\glfw\src\glfw_config.h">
      <Filter>Header Files</Filter>
    </ClInclude>
    <ClInclude Include="E:\DATA\Running On\Visual Studio\OpenGL Tutorial\Dependencies\glfw\include\GLFW\glfw3.h">
      <Filter>Header Files</Filter>
    </ClInclude>
    <ClInclude Include="E:\DATA\Running On\Visual Studio\OpenGL Tutorial\Dependencies\glfw\include\GLFW\glfw3native.h">
      <Filter>Header Files</Filter>
    </ClInclude>
    <ClInclude Include="E:\DATA\Running On\Visual Studio\OpenGL Tutorial\Dependencies\glfw\src\win32_platform.h">
      <Filter>Header Files</Filter>
    </ClInclude>
    <ClInclude Include="E:\DATA\Running On\Visual Studio\OpenGL Tutorial\Dependencies\glfw\src\win32_joystick.h">
      <Filter>Header Files</Filter>
    </ClInclude>
    <ClInclude Include="E:\DATA\Running On\Visual Studio\OpenGL Tutorial\Dependencies\glfw\src\wgl_context.h">
      <Filter>Header Files</Filter>
    </ClInclude>
    <ClInclude Include="E:\DATA\Running On\Visual Studio\OpenGL Tutorial\Dependencies\glfw\src\egl_context.h">
      <Filter>Header Files</Filter>
    </ClInclude>
    <ClInclude Include="E:\DATA\Running On\Visual Studio\OpenGL Tutorial\Dependencies\glfw\src\osmesa_context.h">
      <Filter>Header Files</Filter>
    </ClInclude>
  </ItemGroup>
  <ItemGroup>
    <CustomBuild Include="E:\DATA\Running On\Visual Studio\OpenGL Tutorial\Dependencies\glfw\src\CMakeLists.txt" />
  </ItemGroup>
  <ItemGroup>
    <Filter Include="Header Files">
      <UniqueIdentifier>{E1838791-19CD-3430-B1B8-46404C4F1A08}</UniqueIdentifier>
    </Filter>
    <Filter Include="Source Files">
      <UniqueIdentifier>{297AB6F9-E5FA-3C4D-B3CB-534D124ABFB1}</UniqueIdentifier>
    </Filter>
  </ItemGroup>
</Project>
