<?xml version="1.0" encoding="utf-8"?>
<Project ToolsVersion="17.0" xmlns="http://schemas.microsoft.com/developer/msbuild/2003">
  <ItemGroup>
    <CustomBuild Include="E:\DATA\Running On\Visual Studio\OpenGL Tutorial\Dependencies\glfw\CMakeFiles\108a307fa8faf8d327c14e844f392666\INSTALL_force.rule">
      <Filter>CMake Rules</Filter>
    </CustomBuild>
  </ItemGroup>
  <ItemGroup>
    <Filter Include="CMake Rules">
      <UniqueIdentifier>{D2613F3D-3080-37F4-94A2-005202000A2A}</UniqueIdentifier>
    </Filter>
  </ItemGroup>
</Project>
