
Microsoft Visual Studio Solution File, Format Version 12.00
# Visual Studio Version 17
Project("{2150E333-8FDC-42A3-9474-1A3956D46DE8}") = "CMakePredefinedTargets", "CMakePredefinedTargets", "{9014EFC2-6A36-34D2-BE09-ED88E9A79499}"
EndProject
Project("{2150E333-8FDC-42A3-9474-1A3956D46DE8}") = "GLFW3", "GLFW3", "{A0E1BF5F-294E-30FA-B093-83F2200B8BAB}"
EndProject
Project("{2150E333-8FDC-42A3-9474-1A3956D46DE8}") = "Examples", "GLFW3\Examples", "{66AE42CB-388D-385C-9336-577816C94D5C}"
EndProject
Project("{2150E333-8FDC-42A3-9474-1A3956D46DE8}") = "Tests", "GLFW3\Tests", "{BCB93E73-ECE4-31A0-BC99-B366293E5B7B}"
EndProject
Project("{8BC9CEB8-8B4A-11D0-8D11-00A0C91BC942}") = "ALL_BUILD", "ALL_BUILD.vcxproj", "{A8CB1378-9C47-3A83-B357-600554795063}"
	ProjectSection(ProjectDependencies) = postProject
		{8AB89E46-D371-33F5-8BB7-C275F81A6FEE} = {8AB89E46-D371-33F5-8BB7-C275F81A6FEE}
		{740C5D4F-BF8A-31C4-A883-B4EB6D87CBED} = {740C5D4F-BF8A-31C4-A883-B4EB6D87CBED}
		{B957BE23-9145-3D99-AFCC-D40522B78F23} = {B957BE23-9145-3D99-AFCC-D40522B78F23}
		{812AFB02-DB33-3EF4-B232-F9BD790D4AF0} = {812AFB02-DB33-3EF4-B232-F9BD790D4AF0}
		{326240B6-A8AC-3FB9-9B6B-6555F2BCE2C1} = {326240B6-A8AC-3FB9-9B6B-6555F2BCE2C1}
		{D3C3E323-3306-3544-A410-19A5CF40AE40} = {D3C3E323-3306-3544-A410-19A5CF40AE40}
		{05A5BBB3-5733-3761-AC99-9023BAA73E56} = {05A5BBB3-5733-3761-AC99-9023BAA73E56}
		{B94B42BD-4E48-3E17-A84C-E5D5C8768F44} = {B94B42BD-4E48-3E17-A84C-E5D5C8768F44}
		{C7611B64-6811-32CA-A202-567B13ECF3FC} = {C7611B64-6811-32CA-A202-567B13ECF3FC}
		{0EC8D81A-878F-3BDB-9183-CE412AB70034} = {0EC8D81A-878F-3BDB-9183-CE412AB70034}
		{44FE7211-76FE-3620-9AB0-DA6EE08A550D} = {44FE7211-76FE-3620-9AB0-DA6EE08A550D}
		{DE92028A-6749-349B-9639-141724EA7661} = {DE92028A-6749-349B-9639-141724EA7661}
		{31633202-D215-320D-8F14-433A2BBA0539} = {31633202-D215-320D-8F14-433A2BBA0539}
		{0FBB6132-86F8-319E-ADB6-CFCC24D831DA} = {0FBB6132-86F8-319E-ADB6-CFCC24D831DA}
		{B4B875B6-74BF-3680-B428-3EDDDE695714} = {B4B875B6-74BF-3680-B428-3EDDDE695714}
		{28F52702-8773-3781-9DD5-ADA00871A9C5} = {28F52702-8773-3781-9DD5-ADA00871A9C5}
		{4951A04B-05CE-3B81-AC50-136DBD7D7069} = {4951A04B-05CE-3B81-AC50-136DBD7D7069}
		{857875A7-3E60-342E-B16B-457EC3683728} = {857875A7-3E60-342E-B16B-457EC3683728}
		{F379784C-3D75-3AB9-AFF4-01979D227914} = {F379784C-3D75-3AB9-AFF4-01979D227914}
		{C859F4B4-9490-3249-99D0-2BA40FD0BEF3} = {C859F4B4-9490-3249-99D0-2BA40FD0BEF3}
		{3DC27812-7CE2-378C-B13F-6CBFBE5E9365} = {3DC27812-7CE2-378C-B13F-6CBFBE5E9365}
		{9525DF10-6368-3141-9E49-AD5361B3B749} = {9525DF10-6368-3141-9E49-AD5361B3B749}
		{684F3AD5-190E-3F0C-90D2-78133C28A89C} = {684F3AD5-190E-3F0C-90D2-78133C28A89C}
		{F46ACA10-F95E-390B-A070-63440B3276F6} = {F46ACA10-F95E-390B-A070-63440B3276F6}
		{293B44B8-29BE-32FC-A2FB-59A643450AD2} = {293B44B8-29BE-32FC-A2FB-59A643450AD2}
		{35B26862-9569-3E27-97FF-7AF93B25170B} = {35B26862-9569-3E27-97FF-7AF93B25170B}
		{463C7D2B-9935-396E-B04D-8A2393F68B23} = {463C7D2B-9935-396E-B04D-8A2393F68B23}
		{ED4D1732-07DB-3042-B230-9F44C8887476} = {ED4D1732-07DB-3042-B230-9F44C8887476}
		{123CC2C8-25D4-3322-B313-DA996A4EDFA7} = {123CC2C8-25D4-3322-B313-DA996A4EDFA7}
		{2121C292-01B3-3CC9-968F-DE8D5328CD00} = {2121C292-01B3-3CC9-968F-DE8D5328CD00}
		{90B18504-FE1D-3EA9-B931-52A16CDB8547} = {90B18504-FE1D-3EA9-B931-52A16CDB8547}
	EndProjectSection
EndProject
Project("{8BC9CEB8-8B4A-11D0-8D11-00A0C91BC942}") = "INSTALL", "INSTALL.vcxproj", "{6C257310-157E-3876-AF50-A151F0B6928D}"
	ProjectSection(ProjectDependencies) = postProject
		{A8CB1378-9C47-3A83-B357-600554795063} = {A8CB1378-9C47-3A83-B357-600554795063}
		{8AB89E46-D371-33F5-8BB7-C275F81A6FEE} = {8AB89E46-D371-33F5-8BB7-C275F81A6FEE}
	EndProjectSection
EndProject
Project("{8BC9CEB8-8B4A-11D0-8D11-00A0C91BC942}") = "ZERO_CHECK", "ZERO_CHECK.vcxproj", "{8AB89E46-D371-33F5-8BB7-C275F81A6FEE}"
	ProjectSection(ProjectDependencies) = postProject
	EndProjectSection
EndProject
Project("{8BC9CEB8-8B4A-11D0-8D11-00A0C91BC942}") = "boing", "examples\boing.vcxproj", "{740C5D4F-BF8A-31C4-A883-B4EB6D87CBED}"
	ProjectSection(ProjectDependencies) = postProject
		{8AB89E46-D371-33F5-8BB7-C275F81A6FEE} = {8AB89E46-D371-33F5-8BB7-C275F81A6FEE}
		{C7611B64-6811-32CA-A202-567B13ECF3FC} = {C7611B64-6811-32CA-A202-567B13ECF3FC}
	EndProjectSection
EndProject
Project("{8BC9CEB8-8B4A-11D0-8D11-00A0C91BC942}") = "clipboard", "tests\clipboard.vcxproj", "{B957BE23-9145-3D99-AFCC-D40522B78F23}"
	ProjectSection(ProjectDependencies) = postProject
		{8AB89E46-D371-33F5-8BB7-C275F81A6FEE} = {8AB89E46-D371-33F5-8BB7-C275F81A6FEE}
		{C7611B64-6811-32CA-A202-567B13ECF3FC} = {C7611B64-6811-32CA-A202-567B13ECF3FC}
	EndProjectSection
EndProject
Project("{8BC9CEB8-8B4A-11D0-8D11-00A0C91BC942}") = "cursor", "tests\cursor.vcxproj", "{812AFB02-DB33-3EF4-B232-F9BD790D4AF0}"
	ProjectSection(ProjectDependencies) = postProject
		{8AB89E46-D371-33F5-8BB7-C275F81A6FEE} = {8AB89E46-D371-33F5-8BB7-C275F81A6FEE}
		{C7611B64-6811-32CA-A202-567B13ECF3FC} = {C7611B64-6811-32CA-A202-567B13ECF3FC}
	EndProjectSection
EndProject
Project("{8BC9CEB8-8B4A-11D0-8D11-00A0C91BC942}") = "empty", "tests\empty.vcxproj", "{326240B6-A8AC-3FB9-9B6B-6555F2BCE2C1}"
	ProjectSection(ProjectDependencies) = postProject
		{8AB89E46-D371-33F5-8BB7-C275F81A6FEE} = {8AB89E46-D371-33F5-8BB7-C275F81A6FEE}
		{C7611B64-6811-32CA-A202-567B13ECF3FC} = {C7611B64-6811-32CA-A202-567B13ECF3FC}
	EndProjectSection
EndProject
Project("{8BC9CEB8-8B4A-11D0-8D11-00A0C91BC942}") = "events", "tests\events.vcxproj", "{D3C3E323-3306-3544-A410-19A5CF40AE40}"
	ProjectSection(ProjectDependencies) = postProject
		{8AB89E46-D371-33F5-8BB7-C275F81A6FEE} = {8AB89E46-D371-33F5-8BB7-C275F81A6FEE}
		{C7611B64-6811-32CA-A202-567B13ECF3FC} = {C7611B64-6811-32CA-A202-567B13ECF3FC}
	EndProjectSection
EndProject
Project("{8BC9CEB8-8B4A-11D0-8D11-00A0C91BC942}") = "gamma", "tests\gamma.vcxproj", "{05A5BBB3-5733-3761-AC99-9023BAA73E56}"
	ProjectSection(ProjectDependencies) = postProject
		{8AB89E46-D371-33F5-8BB7-C275F81A6FEE} = {8AB89E46-D371-33F5-8BB7-C275F81A6FEE}
		{C7611B64-6811-32CA-A202-567B13ECF3FC} = {C7611B64-6811-32CA-A202-567B13ECF3FC}
	EndProjectSection
EndProject
Project("{8BC9CEB8-8B4A-11D0-8D11-00A0C91BC942}") = "gears", "examples\gears.vcxproj", "{B94B42BD-4E48-3E17-A84C-E5D5C8768F44}"
	ProjectSection(ProjectDependencies) = postProject
		{8AB89E46-D371-33F5-8BB7-C275F81A6FEE} = {8AB89E46-D371-33F5-8BB7-C275F81A6FEE}
		{C7611B64-6811-32CA-A202-567B13ECF3FC} = {C7611B64-6811-32CA-A202-567B13ECF3FC}
	EndProjectSection
EndProject
Project("{8BC9CEB8-8B4A-11D0-8D11-00A0C91BC942}") = "glfw", "src\glfw.vcxproj", "{C7611B64-6811-32CA-A202-567B13ECF3FC}"
	ProjectSection(ProjectDependencies) = postProject
		{8AB89E46-D371-33F5-8BB7-C275F81A6FEE} = {8AB89E46-D371-33F5-8BB7-C275F81A6FEE}
	EndProjectSection
EndProject
Project("{8BC9CEB8-8B4A-11D0-8D11-00A0C91BC942}") = "glfwinfo", "tests\glfwinfo.vcxproj", "{0EC8D81A-878F-3BDB-9183-CE412AB70034}"
	ProjectSection(ProjectDependencies) = postProject
		{8AB89E46-D371-33F5-8BB7-C275F81A6FEE} = {8AB89E46-D371-33F5-8BB7-C275F81A6FEE}
		{C7611B64-6811-32CA-A202-567B13ECF3FC} = {C7611B64-6811-32CA-A202-567B13ECF3FC}
	EndProjectSection
EndProject
Project("{8BC9CEB8-8B4A-11D0-8D11-00A0C91BC942}") = "heightmap", "examples\heightmap.vcxproj", "{44FE7211-76FE-3620-9AB0-DA6EE08A550D}"
	ProjectSection(ProjectDependencies) = postProject
		{8AB89E46-D371-33F5-8BB7-C275F81A6FEE} = {8AB89E46-D371-33F5-8BB7-C275F81A6FEE}
		{C7611B64-6811-32CA-A202-567B13ECF3FC} = {C7611B64-6811-32CA-A202-567B13ECF3FC}
	EndProjectSection
EndProject
Project("{8BC9CEB8-8B4A-11D0-8D11-00A0C91BC942}") = "icon", "tests\icon.vcxproj", "{DE92028A-6749-349B-9639-141724EA7661}"
	ProjectSection(ProjectDependencies) = postProject
		{8AB89E46-D371-33F5-8BB7-C275F81A6FEE} = {8AB89E46-D371-33F5-8BB7-C275F81A6FEE}
		{C7611B64-6811-32CA-A202-567B13ECF3FC} = {C7611B64-6811-32CA-A202-567B13ECF3FC}
	EndProjectSection
EndProject
Project("{8BC9CEB8-8B4A-11D0-8D11-00A0C91BC942}") = "iconify", "tests\iconify.vcxproj", "{31633202-D215-320D-8F14-433A2BBA0539}"
	ProjectSection(ProjectDependencies) = postProject
		{8AB89E46-D371-33F5-8BB7-C275F81A6FEE} = {8AB89E46-D371-33F5-8BB7-C275F81A6FEE}
		{C7611B64-6811-32CA-A202-567B13ECF3FC} = {C7611B64-6811-32CA-A202-567B13ECF3FC}
	EndProjectSection
EndProject
Project("{8BC9CEB8-8B4A-11D0-8D11-00A0C91BC942}") = "inputlag", "tests\inputlag.vcxproj", "{0FBB6132-86F8-319E-ADB6-CFCC24D831DA}"
	ProjectSection(ProjectDependencies) = postProject
		{8AB89E46-D371-33F5-8BB7-C275F81A6FEE} = {8AB89E46-D371-33F5-8BB7-C275F81A6FEE}
		{C7611B64-6811-32CA-A202-567B13ECF3FC} = {C7611B64-6811-32CA-A202-567B13ECF3FC}
	EndProjectSection
EndProject
Project("{8BC9CEB8-8B4A-11D0-8D11-00A0C91BC942}") = "joysticks", "tests\joysticks.vcxproj", "{B4B875B6-74BF-3680-B428-3EDDDE695714}"
	ProjectSection(ProjectDependencies) = postProject
		{8AB89E46-D371-33F5-8BB7-C275F81A6FEE} = {8AB89E46-D371-33F5-8BB7-C275F81A6FEE}
		{C7611B64-6811-32CA-A202-567B13ECF3FC} = {C7611B64-6811-32CA-A202-567B13ECF3FC}
	EndProjectSection
EndProject
Project("{8BC9CEB8-8B4A-11D0-8D11-00A0C91BC942}") = "monitors", "tests\monitors.vcxproj", "{28F52702-8773-3781-9DD5-ADA00871A9C5}"
	ProjectSection(ProjectDependencies) = postProject
		{8AB89E46-D371-33F5-8BB7-C275F81A6FEE} = {8AB89E46-D371-33F5-8BB7-C275F81A6FEE}
		{C7611B64-6811-32CA-A202-567B13ECF3FC} = {C7611B64-6811-32CA-A202-567B13ECF3FC}
	EndProjectSection
EndProject
Project("{8BC9CEB8-8B4A-11D0-8D11-00A0C91BC942}") = "msaa", "tests\msaa.vcxproj", "{4951A04B-05CE-3B81-AC50-136DBD7D7069}"
	ProjectSection(ProjectDependencies) = postProject
		{8AB89E46-D371-33F5-8BB7-C275F81A6FEE} = {8AB89E46-D371-33F5-8BB7-C275F81A6FEE}
		{C7611B64-6811-32CA-A202-567B13ECF3FC} = {C7611B64-6811-32CA-A202-567B13ECF3FC}
	EndProjectSection
EndProject
Project("{8BC9CEB8-8B4A-11D0-8D11-00A0C91BC942}") = "offscreen", "examples\offscreen.vcxproj", "{857875A7-3E60-342E-B16B-457EC3683728}"
	ProjectSection(ProjectDependencies) = postProject
		{8AB89E46-D371-33F5-8BB7-C275F81A6FEE} = {8AB89E46-D371-33F5-8BB7-C275F81A6FEE}
		{C7611B64-6811-32CA-A202-567B13ECF3FC} = {C7611B64-6811-32CA-A202-567B13ECF3FC}
	EndProjectSection
EndProject
Project("{8BC9CEB8-8B4A-11D0-8D11-00A0C91BC942}") = "opacity", "tests\opacity.vcxproj", "{F379784C-3D75-3AB9-AFF4-01979D227914}"
	ProjectSection(ProjectDependencies) = postProject
		{8AB89E46-D371-33F5-8BB7-C275F81A6FEE} = {8AB89E46-D371-33F5-8BB7-C275F81A6FEE}
		{C7611B64-6811-32CA-A202-567B13ECF3FC} = {C7611B64-6811-32CA-A202-567B13ECF3FC}
	EndProjectSection
EndProject
Project("{8BC9CEB8-8B4A-11D0-8D11-00A0C91BC942}") = "particles", "examples\particles.vcxproj", "{C859F4B4-9490-3249-99D0-2BA40FD0BEF3}"
	ProjectSection(ProjectDependencies) = postProject
		{8AB89E46-D371-33F5-8BB7-C275F81A6FEE} = {8AB89E46-D371-33F5-8BB7-C275F81A6FEE}
		{C7611B64-6811-32CA-A202-567B13ECF3FC} = {C7611B64-6811-32CA-A202-567B13ECF3FC}
	EndProjectSection
EndProject
Project("{8BC9CEB8-8B4A-11D0-8D11-00A0C91BC942}") = "reopen", "tests\reopen.vcxproj", "{3DC27812-7CE2-378C-B13F-6CBFBE5E9365}"
	ProjectSection(ProjectDependencies) = postProject
		{8AB89E46-D371-33F5-8BB7-C275F81A6FEE} = {8AB89E46-D371-33F5-8BB7-C275F81A6FEE}
		{C7611B64-6811-32CA-A202-567B13ECF3FC} = {C7611B64-6811-32CA-A202-567B13ECF3FC}
	EndProjectSection
EndProject
Project("{8BC9CEB8-8B4A-11D0-8D11-00A0C91BC942}") = "sharing", "examples\sharing.vcxproj", "{9525DF10-6368-3141-9E49-AD5361B3B749}"
	ProjectSection(ProjectDependencies) = postProject
		{8AB89E46-D371-33F5-8BB7-C275F81A6FEE} = {8AB89E46-D371-33F5-8BB7-C275F81A6FEE}
		{C7611B64-6811-32CA-A202-567B13ECF3FC} = {C7611B64-6811-32CA-A202-567B13ECF3FC}
	EndProjectSection
EndProject
Project("{8BC9CEB8-8B4A-11D0-8D11-00A0C91BC942}") = "simple", "examples\simple.vcxproj", "{684F3AD5-190E-3F0C-90D2-78133C28A89C}"
	ProjectSection(ProjectDependencies) = postProject
		{8AB89E46-D371-33F5-8BB7-C275F81A6FEE} = {8AB89E46-D371-33F5-8BB7-C275F81A6FEE}
		{C7611B64-6811-32CA-A202-567B13ECF3FC} = {C7611B64-6811-32CA-A202-567B13ECF3FC}
	EndProjectSection
EndProject
Project("{8BC9CEB8-8B4A-11D0-8D11-00A0C91BC942}") = "splitview", "examples\splitview.vcxproj", "{F46ACA10-F95E-390B-A070-63440B3276F6}"
	ProjectSection(ProjectDependencies) = postProject
		{8AB89E46-D371-33F5-8BB7-C275F81A6FEE} = {8AB89E46-D371-33F5-8BB7-C275F81A6FEE}
		{C7611B64-6811-32CA-A202-567B13ECF3FC} = {C7611B64-6811-32CA-A202-567B13ECF3FC}
	EndProjectSection
EndProject
Project("{8BC9CEB8-8B4A-11D0-8D11-00A0C91BC942}") = "tearing", "tests\tearing.vcxproj", "{293B44B8-29BE-32FC-A2FB-59A643450AD2}"
	ProjectSection(ProjectDependencies) = postProject
		{8AB89E46-D371-33F5-8BB7-C275F81A6FEE} = {8AB89E46-D371-33F5-8BB7-C275F81A6FEE}
		{C7611B64-6811-32CA-A202-567B13ECF3FC} = {C7611B64-6811-32CA-A202-567B13ECF3FC}
	EndProjectSection
EndProject
Project("{8BC9CEB8-8B4A-11D0-8D11-00A0C91BC942}") = "threads", "tests\threads.vcxproj", "{35B26862-9569-3E27-97FF-7AF93B25170B}"
	ProjectSection(ProjectDependencies) = postProject
		{8AB89E46-D371-33F5-8BB7-C275F81A6FEE} = {8AB89E46-D371-33F5-8BB7-C275F81A6FEE}
		{C7611B64-6811-32CA-A202-567B13ECF3FC} = {C7611B64-6811-32CA-A202-567B13ECF3FC}
	EndProjectSection
EndProject
Project("{8BC9CEB8-8B4A-11D0-8D11-00A0C91BC942}") = "timeout", "tests\timeout.vcxproj", "{463C7D2B-9935-396E-B04D-8A2393F68B23}"
	ProjectSection(ProjectDependencies) = postProject
		{8AB89E46-D371-33F5-8BB7-C275F81A6FEE} = {8AB89E46-D371-33F5-8BB7-C275F81A6FEE}
		{C7611B64-6811-32CA-A202-567B13ECF3FC} = {C7611B64-6811-32CA-A202-567B13ECF3FC}
	EndProjectSection
EndProject
Project("{8BC9CEB8-8B4A-11D0-8D11-00A0C91BC942}") = "title", "tests\title.vcxproj", "{ED4D1732-07DB-3042-B230-9F44C8887476}"
	ProjectSection(ProjectDependencies) = postProject
		{8AB89E46-D371-33F5-8BB7-C275F81A6FEE} = {8AB89E46-D371-33F5-8BB7-C275F81A6FEE}
		{C7611B64-6811-32CA-A202-567B13ECF3FC} = {C7611B64-6811-32CA-A202-567B13ECF3FC}
	EndProjectSection
EndProject
Project("{8BC9CEB8-8B4A-11D0-8D11-00A0C91BC942}") = "triangle-vulkan", "tests\triangle-vulkan.vcxproj", "{123CC2C8-25D4-3322-B313-DA996A4EDFA7}"
	ProjectSection(ProjectDependencies) = postProject
		{8AB89E46-D371-33F5-8BB7-C275F81A6FEE} = {8AB89E46-D371-33F5-8BB7-C275F81A6FEE}
		{C7611B64-6811-32CA-A202-567B13ECF3FC} = {C7611B64-6811-32CA-A202-567B13ECF3FC}
	EndProjectSection
EndProject
Project("{8BC9CEB8-8B4A-11D0-8D11-00A0C91BC942}") = "uninstall", "uninstall.vcxproj", "{49CA8A00-C1D4-3766-AAF4-D5B2BAC3B78A}"
	ProjectSection(ProjectDependencies) = postProject
		{8AB89E46-D371-33F5-8BB7-C275F81A6FEE} = {8AB89E46-D371-33F5-8BB7-C275F81A6FEE}
	EndProjectSection
EndProject
Project("{8BC9CEB8-8B4A-11D0-8D11-00A0C91BC942}") = "update_mappings", "src\update_mappings.vcxproj", "{48020308-6D06-3614-A303-4403D3D2FCD2}"
	ProjectSection(ProjectDependencies) = postProject
		{8AB89E46-D371-33F5-8BB7-C275F81A6FEE} = {8AB89E46-D371-33F5-8BB7-C275F81A6FEE}
	EndProjectSection
EndProject
Project("{8BC9CEB8-8B4A-11D0-8D11-00A0C91BC942}") = "wave", "examples\wave.vcxproj", "{2121C292-01B3-3CC9-968F-DE8D5328CD00}"
	ProjectSection(ProjectDependencies) = postProject
		{8AB89E46-D371-33F5-8BB7-C275F81A6FEE} = {8AB89E46-D371-33F5-8BB7-C275F81A6FEE}
		{C7611B64-6811-32CA-A202-567B13ECF3FC} = {C7611B64-6811-32CA-A202-567B13ECF3FC}
	EndProjectSection
EndProject
Project("{8BC9CEB8-8B4A-11D0-8D11-00A0C91BC942}") = "windows", "tests\windows.vcxproj", "{90B18504-FE1D-3EA9-B931-52A16CDB8547}"
	ProjectSection(ProjectDependencies) = postProject
		{8AB89E46-D371-33F5-8BB7-C275F81A6FEE} = {8AB89E46-D371-33F5-8BB7-C275F81A6FEE}
		{C7611B64-6811-32CA-A202-567B13ECF3FC} = {C7611B64-6811-32CA-A202-567B13ECF3FC}
	EndProjectSection
EndProject
Global
	GlobalSection(SolutionConfigurationPlatforms) = preSolution
		Debug|x64 = Debug|x64
		Release|x64 = Release|x64
		MinSizeRel|x64 = MinSizeRel|x64
		RelWithDebInfo|x64 = RelWithDebInfo|x64
	EndGlobalSection
	GlobalSection(ProjectConfigurationPlatforms) = postSolution
		{A8CB1378-9C47-3A83-B357-600554795063}.Debug|x64.ActiveCfg = Debug|x64
		{A8CB1378-9C47-3A83-B357-600554795063}.Debug|x64.Build.0 = Debug|x64
		{A8CB1378-9C47-3A83-B357-600554795063}.Release|x64.ActiveCfg = Release|x64
		{A8CB1378-9C47-3A83-B357-600554795063}.Release|x64.Build.0 = Release|x64
		{A8CB1378-9C47-3A83-B357-600554795063}.MinSizeRel|x64.ActiveCfg = MinSizeRel|x64
		{A8CB1378-9C47-3A83-B357-600554795063}.MinSizeRel|x64.Build.0 = MinSizeRel|x64
		{A8CB1378-9C47-3A83-B357-600554795063}.RelWithDebInfo|x64.ActiveCfg = RelWithDebInfo|x64
		{A8CB1378-9C47-3A83-B357-600554795063}.RelWithDebInfo|x64.Build.0 = RelWithDebInfo|x64
		{6C257310-157E-3876-AF50-A151F0B6928D}.Debug|x64.ActiveCfg = Debug|x64
		{6C257310-157E-3876-AF50-A151F0B6928D}.Release|x64.ActiveCfg = Release|x64
		{6C257310-157E-3876-AF50-A151F0B6928D}.MinSizeRel|x64.ActiveCfg = MinSizeRel|x64
		{6C257310-157E-3876-AF50-A151F0B6928D}.RelWithDebInfo|x64.ActiveCfg = RelWithDebInfo|x64
		{8AB89E46-D371-33F5-8BB7-C275F81A6FEE}.Debug|x64.ActiveCfg = Debug|x64
		{8AB89E46-D371-33F5-8BB7-C275F81A6FEE}.Debug|x64.Build.0 = Debug|x64
		{8AB89E46-D371-33F5-8BB7-C275F81A6FEE}.Release|x64.ActiveCfg = Release|x64
		{8AB89E46-D371-33F5-8BB7-C275F81A6FEE}.Release|x64.Build.0 = Release|x64
		{8AB89E46-D371-33F5-8BB7-C275F81A6FEE}.MinSizeRel|x64.ActiveCfg = MinSizeRel|x64
		{8AB89E46-D371-33F5-8BB7-C275F81A6FEE}.MinSizeRel|x64.Build.0 = MinSizeRel|x64
		{8AB89E46-D371-33F5-8BB7-C275F81A6FEE}.RelWithDebInfo|x64.ActiveCfg = RelWithDebInfo|x64
		{8AB89E46-D371-33F5-8BB7-C275F81A6FEE}.RelWithDebInfo|x64.Build.0 = RelWithDebInfo|x64
		{740C5D4F-BF8A-31C4-A883-B4EB6D87CBED}.Debug|x64.ActiveCfg = Debug|x64
		{740C5D4F-BF8A-31C4-A883-B4EB6D87CBED}.Debug|x64.Build.0 = Debug|x64
		{740C5D4F-BF8A-31C4-A883-B4EB6D87CBED}.Release|x64.ActiveCfg = Release|x64
		{740C5D4F-BF8A-31C4-A883-B4EB6D87CBED}.Release|x64.Build.0 = Release|x64
		{740C5D4F-BF8A-31C4-A883-B4EB6D87CBED}.MinSizeRel|x64.ActiveCfg = MinSizeRel|x64
		{740C5D4F-BF8A-31C4-A883-B4EB6D87CBED}.MinSizeRel|x64.Build.0 = MinSizeRel|x64
		{740C5D4F-BF8A-31C4-A883-B4EB6D87CBED}.RelWithDebInfo|x64.ActiveCfg = RelWithDebInfo|x64
		{740C5D4F-BF8A-31C4-A883-B4EB6D87CBED}.RelWithDebInfo|x64.Build.0 = RelWithDebInfo|x64
		{B957BE23-9145-3D99-AFCC-D40522B78F23}.Debug|x64.ActiveCfg = Debug|x64
		{B957BE23-9145-3D99-AFCC-D40522B78F23}.Debug|x64.Build.0 = Debug|x64
		{B957BE23-9145-3D99-AFCC-D40522B78F23}.Release|x64.ActiveCfg = Release|x64
		{B957BE23-9145-3D99-AFCC-D40522B78F23}.Release|x64.Build.0 = Release|x64
		{B957BE23-9145-3D99-AFCC-D40522B78F23}.MinSizeRel|x64.ActiveCfg = MinSizeRel|x64
		{B957BE23-9145-3D99-AFCC-D40522B78F23}.MinSizeRel|x64.Build.0 = MinSizeRel|x64
		{B957BE23-9145-3D99-AFCC-D40522B78F23}.RelWithDebInfo|x64.ActiveCfg = RelWithDebInfo|x64
		{B957BE23-9145-3D99-AFCC-D40522B78F23}.RelWithDebInfo|x64.Build.0 = RelWithDebInfo|x64
		{812AFB02-DB33-3EF4-B232-F9BD790D4AF0}.Debug|x64.ActiveCfg = Debug|x64
		{812AFB02-DB33-3EF4-B232-F9BD790D4AF0}.Debug|x64.Build.0 = Debug|x64
		{812AFB02-DB33-3EF4-B232-F9BD790D4AF0}.Release|x64.ActiveCfg = Release|x64
		{812AFB02-DB33-3EF4-B232-F9BD790D4AF0}.Release|x64.Build.0 = Release|x64
		{812AFB02-DB33-3EF4-B232-F9BD790D4AF0}.MinSizeRel|x64.ActiveCfg = MinSizeRel|x64
		{812AFB02-DB33-3EF4-B232-F9BD790D4AF0}.MinSizeRel|x64.Build.0 = MinSizeRel|x64
		{812AFB02-DB33-3EF4-B232-F9BD790D4AF0}.RelWithDebInfo|x64.ActiveCfg = RelWithDebInfo|x64
		{812AFB02-DB33-3EF4-B232-F9BD790D4AF0}.RelWithDebInfo|x64.Build.0 = RelWithDebInfo|x64
		{326240B6-A8AC-3FB9-9B6B-6555F2BCE2C1}.Debug|x64.ActiveCfg = Debug|x64
		{326240B6-A8AC-3FB9-9B6B-6555F2BCE2C1}.Debug|x64.Build.0 = Debug|x64
		{326240B6-A8AC-3FB9-9B6B-6555F2BCE2C1}.Release|x64.ActiveCfg = Release|x64
		{326240B6-A8AC-3FB9-9B6B-6555F2BCE2C1}.Release|x64.Build.0 = Release|x64
		{326240B6-A8AC-3FB9-9B6B-6555F2BCE2C1}.MinSizeRel|x64.ActiveCfg = MinSizeRel|x64
		{326240B6-A8AC-3FB9-9B6B-6555F2BCE2C1}.MinSizeRel|x64.Build.0 = MinSizeRel|x64
		{326240B6-A8AC-3FB9-9B6B-6555F2BCE2C1}.RelWithDebInfo|x64.ActiveCfg = RelWithDebInfo|x64
		{326240B6-A8AC-3FB9-9B6B-6555F2BCE2C1}.RelWithDebInfo|x64.Build.0 = RelWithDebInfo|x64
		{D3C3E323-3306-3544-A410-19A5CF40AE40}.Debug|x64.ActiveCfg = Debug|x64
		{D3C3E323-3306-3544-A410-19A5CF40AE40}.Debug|x64.Build.0 = Debug|x64
		{D3C3E323-3306-3544-A410-19A5CF40AE40}.Release|x64.ActiveCfg = Release|x64
		{D3C3E323-3306-3544-A410-19A5CF40AE40}.Release|x64.Build.0 = Release|x64
		{D3C3E323-3306-3544-A410-19A5CF40AE40}.MinSizeRel|x64.ActiveCfg = MinSizeRel|x64
		{D3C3E323-3306-3544-A410-19A5CF40AE40}.MinSizeRel|x64.Build.0 = MinSizeRel|x64
		{D3C3E323-3306-3544-A410-19A5CF40AE40}.RelWithDebInfo|x64.ActiveCfg = RelWithDebInfo|x64
		{D3C3E323-3306-3544-A410-19A5CF40AE40}.RelWithDebInfo|x64.Build.0 = RelWithDebInfo|x64
		{05A5BBB3-5733-3761-AC99-9023BAA73E56}.Debug|x64.ActiveCfg = Debug|x64
		{05A5BBB3-5733-3761-AC99-9023BAA73E56}.Debug|x64.Build.0 = Debug|x64
		{05A5BBB3-5733-3761-AC99-9023BAA73E56}.Release|x64.ActiveCfg = Release|x64
		{05A5BBB3-5733-3761-AC99-9023BAA73E56}.Release|x64.Build.0 = Release|x64
		{05A5BBB3-5733-3761-AC99-9023BAA73E56}.MinSizeRel|x64.ActiveCfg = MinSizeRel|x64
		{05A5BBB3-5733-3761-AC99-9023BAA73E56}.MinSizeRel|x64.Build.0 = MinSizeRel|x64
		{05A5BBB3-5733-3761-AC99-9023BAA73E56}.RelWithDebInfo|x64.ActiveCfg = RelWithDebInfo|x64
		{05A5BBB3-5733-3761-AC99-9023BAA73E56}.RelWithDebInfo|x64.Build.0 = RelWithDebInfo|x64
		{B94B42BD-4E48-3E17-A84C-E5D5C8768F44}.Debug|x64.ActiveCfg = Debug|x64
		{B94B42BD-4E48-3E17-A84C-E5D5C8768F44}.Debug|x64.Build.0 = Debug|x64
		{B94B42BD-4E48-3E17-A84C-E5D5C8768F44}.Release|x64.ActiveCfg = Release|x64
		{B94B42BD-4E48-3E17-A84C-E5D5C8768F44}.Release|x64.Build.0 = Release|x64
		{B94B42BD-4E48-3E17-A84C-E5D5C8768F44}.MinSizeRel|x64.ActiveCfg = MinSizeRel|x64
		{B94B42BD-4E48-3E17-A84C-E5D5C8768F44}.MinSizeRel|x64.Build.0 = MinSizeRel|x64
		{B94B42BD-4E48-3E17-A84C-E5D5C8768F44}.RelWithDebInfo|x64.ActiveCfg = RelWithDebInfo|x64
		{B94B42BD-4E48-3E17-A84C-E5D5C8768F44}.RelWithDebInfo|x64.Build.0 = RelWithDebInfo|x64
		{C7611B64-6811-32CA-A202-567B13ECF3FC}.Debug|x64.ActiveCfg = Debug|x64
		{C7611B64-6811-32CA-A202-567B13ECF3FC}.Debug|x64.Build.0 = Debug|x64
		{C7611B64-6811-32CA-A202-567B13ECF3FC}.Release|x64.ActiveCfg = Release|x64
		{C7611B64-6811-32CA-A202-567B13ECF3FC}.Release|x64.Build.0 = Release|x64
		{C7611B64-6811-32CA-A202-567B13ECF3FC}.MinSizeRel|x64.ActiveCfg = MinSizeRel|x64
		{C7611B64-6811-32CA-A202-567B13ECF3FC}.MinSizeRel|x64.Build.0 = MinSizeRel|x64
		{C7611B64-6811-32CA-A202-567B13ECF3FC}.RelWithDebInfo|x64.ActiveCfg = RelWithDebInfo|x64
		{C7611B64-6811-32CA-A202-567B13ECF3FC}.RelWithDebInfo|x64.Build.0 = RelWithDebInfo|x64
		{0EC8D81A-878F-3BDB-9183-CE412AB70034}.Debug|x64.ActiveCfg = Debug|x64
		{0EC8D81A-878F-3BDB-9183-CE412AB70034}.Debug|x64.Build.0 = Debug|x64
		{0EC8D81A-878F-3BDB-9183-CE412AB70034}.Release|x64.ActiveCfg = Release|x64
		{0EC8D81A-878F-3BDB-9183-CE412AB70034}.Release|x64.Build.0 = Release|x64
		{0EC8D81A-878F-3BDB-9183-CE412AB70034}.MinSizeRel|x64.ActiveCfg = MinSizeRel|x64
		{0EC8D81A-878F-3BDB-9183-CE412AB70034}.MinSizeRel|x64.Build.0 = MinSizeRel|x64
		{0EC8D81A-878F-3BDB-9183-CE412AB70034}.RelWithDebInfo|x64.ActiveCfg = RelWithDebInfo|x64
		{0EC8D81A-878F-3BDB-9183-CE412AB70034}.RelWithDebInfo|x64.Build.0 = RelWithDebInfo|x64
		{44FE7211-76FE-3620-9AB0-DA6EE08A550D}.Debug|x64.ActiveCfg = Debug|x64
		{44FE7211-76FE-3620-9AB0-DA6EE08A550D}.Debug|x64.Build.0 = Debug|x64
		{44FE7211-76FE-3620-9AB0-DA6EE08A550D}.Release|x64.ActiveCfg = Release|x64
		{44FE7211-76FE-3620-9AB0-DA6EE08A550D}.Release|x64.Build.0 = Release|x64
		{44FE7211-76FE-3620-9AB0-DA6EE08A550D}.MinSizeRel|x64.ActiveCfg = MinSizeRel|x64
		{44FE7211-76FE-3620-9AB0-DA6EE08A550D}.MinSizeRel|x64.Build.0 = MinSizeRel|x64
		{44FE7211-76FE-3620-9AB0-DA6EE08A550D}.RelWithDebInfo|x64.ActiveCfg = RelWithDebInfo|x64
		{44FE7211-76FE-3620-9AB0-DA6EE08A550D}.RelWithDebInfo|x64.Build.0 = RelWithDebInfo|x64
		{DE92028A-6749-349B-9639-141724EA7661}.Debug|x64.ActiveCfg = Debug|x64
		{DE92028A-6749-349B-9639-141724EA7661}.Debug|x64.Build.0 = Debug|x64
		{DE92028A-6749-349B-9639-141724EA7661}.Release|x64.ActiveCfg = Release|x64
		{DE92028A-6749-349B-9639-141724EA7661}.Release|x64.Build.0 = Release|x64
		{DE92028A-6749-349B-9639-141724EA7661}.MinSizeRel|x64.ActiveCfg = MinSizeRel|x64
		{DE92028A-6749-349B-9639-141724EA7661}.MinSizeRel|x64.Build.0 = MinSizeRel|x64
		{DE92028A-6749-349B-9639-141724EA7661}.RelWithDebInfo|x64.ActiveCfg = RelWithDebInfo|x64
		{DE92028A-6749-349B-9639-141724EA7661}.RelWithDebInfo|x64.Build.0 = RelWithDebInfo|x64
		{31633202-D215-320D-8F14-433A2BBA0539}.Debug|x64.ActiveCfg = Debug|x64
		{31633202-D215-320D-8F14-433A2BBA0539}.Debug|x64.Build.0 = Debug|x64
		{31633202-D215-320D-8F14-433A2BBA0539}.Release|x64.ActiveCfg = Release|x64
		{31633202-D215-320D-8F14-433A2BBA0539}.Release|x64.Build.0 = Release|x64
		{31633202-D215-320D-8F14-433A2BBA0539}.MinSizeRel|x64.ActiveCfg = MinSizeRel|x64
		{31633202-D215-320D-8F14-433A2BBA0539}.MinSizeRel|x64.Build.0 = MinSizeRel|x64
		{31633202-D215-320D-8F14-433A2BBA0539}.RelWithDebInfo|x64.ActiveCfg = RelWithDebInfo|x64
		{31633202-D215-320D-8F14-433A2BBA0539}.RelWithDebInfo|x64.Build.0 = RelWithDebInfo|x64
		{0FBB6132-86F8-319E-ADB6-CFCC24D831DA}.Debug|x64.ActiveCfg = Debug|x64
		{0FBB6132-86F8-319E-ADB6-CFCC24D831DA}.Debug|x64.Build.0 = Debug|x64
		{0FBB6132-86F8-319E-ADB6-CFCC24D831DA}.Release|x64.ActiveCfg = Release|x64
		{0FBB6132-86F8-319E-ADB6-CFCC24D831DA}.Release|x64.Build.0 = Release|x64
		{0FBB6132-86F8-319E-ADB6-CFCC24D831DA}.MinSizeRel|x64.ActiveCfg = MinSizeRel|x64
		{0FBB6132-86F8-319E-ADB6-CFCC24D831DA}.MinSizeRel|x64.Build.0 = MinSizeRel|x64
		{0FBB6132-86F8-319E-ADB6-CFCC24D831DA}.RelWithDebInfo|x64.ActiveCfg = RelWithDebInfo|x64
		{0FBB6132-86F8-319E-ADB6-CFCC24D831DA}.RelWithDebInfo|x64.Build.0 = RelWithDebInfo|x64
		{B4B875B6-74BF-3680-B428-3EDDDE695714}.Debug|x64.ActiveCfg = Debug|x64
		{B4B875B6-74BF-3680-B428-3EDDDE695714}.Debug|x64.Build.0 = Debug|x64
		{B4B875B6-74BF-3680-B428-3EDDDE695714}.Release|x64.ActiveCfg = Release|x64
		{B4B875B6-74BF-3680-B428-3EDDDE695714}.Release|x64.Build.0 = Release|x64
		{B4B875B6-74BF-3680-B428-3EDDDE695714}.MinSizeRel|x64.ActiveCfg = MinSizeRel|x64
		{B4B875B6-74BF-3680-B428-3EDDDE695714}.MinSizeRel|x64.Build.0 = MinSizeRel|x64
		{B4B875B6-74BF-3680-B428-3EDDDE695714}.RelWithDebInfo|x64.ActiveCfg = RelWithDebInfo|x64
		{B4B875B6-74BF-3680-B428-3EDDDE695714}.RelWithDebInfo|x64.Build.0 = RelWithDebInfo|x64
		{28F52702-8773-3781-9DD5-ADA00871A9C5}.Debug|x64.ActiveCfg = Debug|x64
		{28F52702-8773-3781-9DD5-ADA00871A9C5}.Debug|x64.Build.0 = Debug|x64
		{28F52702-8773-3781-9DD5-ADA00871A9C5}.Release|x64.ActiveCfg = Release|x64
		{28F52702-8773-3781-9DD5-ADA00871A9C5}.Release|x64.Build.0 = Release|x64
		{28F52702-8773-3781-9DD5-ADA00871A9C5}.MinSizeRel|x64.ActiveCfg = MinSizeRel|x64
		{28F52702-8773-3781-9DD5-ADA00871A9C5}.MinSizeRel|x64.Build.0 = MinSizeRel|x64
		{28F52702-8773-3781-9DD5-ADA00871A9C5}.RelWithDebInfo|x64.ActiveCfg = RelWithDebInfo|x64
		{28F52702-8773-3781-9DD5-ADA00871A9C5}.RelWithDebInfo|x64.Build.0 = RelWithDebInfo|x64
		{4951A04B-05CE-3B81-AC50-136DBD7D7069}.Debug|x64.ActiveCfg = Debug|x64
		{4951A04B-05CE-3B81-AC50-136DBD7D7069}.Debug|x64.Build.0 = Debug|x64
		{4951A04B-05CE-3B81-AC50-136DBD7D7069}.Release|x64.ActiveCfg = Release|x64
		{4951A04B-05CE-3B81-AC50-136DBD7D7069}.Release|x64.Build.0 = Release|x64
		{4951A04B-05CE-3B81-AC50-136DBD7D7069}.MinSizeRel|x64.ActiveCfg = MinSizeRel|x64
		{4951A04B-05CE-3B81-AC50-136DBD7D7069}.MinSizeRel|x64.Build.0 = MinSizeRel|x64
		{4951A04B-05CE-3B81-AC50-136DBD7D7069}.RelWithDebInfo|x64.ActiveCfg = RelWithDebInfo|x64
		{4951A04B-05CE-3B81-AC50-136DBD7D7069}.RelWithDebInfo|x64.Build.0 = RelWithDebInfo|x64
		{857875A7-3E60-342E-B16B-457EC3683728}.Debug|x64.ActiveCfg = Debug|x64
		{857875A7-3E60-342E-B16B-457EC3683728}.Debug|x64.Build.0 = Debug|x64
		{857875A7-3E60-342E-B16B-457EC3683728}.Release|x64.ActiveCfg = Release|x64
		{857875A7-3E60-342E-B16B-457EC3683728}.Release|x64.Build.0 = Release|x64
		{857875A7-3E60-342E-B16B-457EC3683728}.MinSizeRel|x64.ActiveCfg = MinSizeRel|x64
		{857875A7-3E60-342E-B16B-457EC3683728}.MinSizeRel|x64.Build.0 = MinSizeRel|x64
		{857875A7-3E60-342E-B16B-457EC3683728}.RelWithDebInfo|x64.ActiveCfg = RelWithDebInfo|x64
		{857875A7-3E60-342E-B16B-457EC3683728}.RelWithDebInfo|x64.Build.0 = RelWithDebInfo|x64
		{F379784C-3D75-3AB9-AFF4-01979D227914}.Debug|x64.ActiveCfg = Debug|x64
		{F379784C-3D75-3AB9-AFF4-01979D227914}.Debug|x64.Build.0 = Debug|x64
		{F379784C-3D75-3AB9-AFF4-01979D227914}.Release|x64.ActiveCfg = Release|x64
		{F379784C-3D75-3AB9-AFF4-01979D227914}.Release|x64.Build.0 = Release|x64
		{F379784C-3D75-3AB9-AFF4-01979D227914}.MinSizeRel|x64.ActiveCfg = MinSizeRel|x64
		{F379784C-3D75-3AB9-AFF4-01979D227914}.MinSizeRel|x64.Build.0 = MinSizeRel|x64
		{F379784C-3D75-3AB9-AFF4-01979D227914}.RelWithDebInfo|x64.ActiveCfg = RelWithDebInfo|x64
		{F379784C-3D75-3AB9-AFF4-01979D227914}.RelWithDebInfo|x64.Build.0 = RelWithDebInfo|x64
		{C859F4B4-9490-3249-99D0-2BA40FD0BEF3}.Debug|x64.ActiveCfg = Debug|x64
		{C859F4B4-9490-3249-99D0-2BA40FD0BEF3}.Debug|x64.Build.0 = Debug|x64
		{C859F4B4-9490-3249-99D0-2BA40FD0BEF3}.Release|x64.ActiveCfg = Release|x64
		{C859F4B4-9490-3249-99D0-2BA40FD0BEF3}.Release|x64.Build.0 = Release|x64
		{C859F4B4-9490-3249-99D0-2BA40FD0BEF3}.MinSizeRel|x64.ActiveCfg = MinSizeRel|x64
		{C859F4B4-9490-3249-99D0-2BA40FD0BEF3}.MinSizeRel|x64.Build.0 = MinSizeRel|x64
		{C859F4B4-9490-3249-99D0-2BA40FD0BEF3}.RelWithDebInfo|x64.ActiveCfg = RelWithDebInfo|x64
		{C859F4B4-9490-3249-99D0-2BA40FD0BEF3}.RelWithDebInfo|x64.Build.0 = RelWithDebInfo|x64
		{3DC27812-7CE2-378C-B13F-6CBFBE5E9365}.Debug|x64.ActiveCfg = Debug|x64
		{3DC27812-7CE2-378C-B13F-6CBFBE5E9365}.Debug|x64.Build.0 = Debug|x64
		{3DC27812-7CE2-378C-B13F-6CBFBE5E9365}.Release|x64.ActiveCfg = Release|x64
		{3DC27812-7CE2-378C-B13F-6CBFBE5E9365}.Release|x64.Build.0 = Release|x64
		{3DC27812-7CE2-378C-B13F-6CBFBE5E9365}.MinSizeRel|x64.ActiveCfg = MinSizeRel|x64
		{3DC27812-7CE2-378C-B13F-6CBFBE5E9365}.MinSizeRel|x64.Build.0 = MinSizeRel|x64
		{3DC27812-7CE2-378C-B13F-6CBFBE5E9365}.RelWithDebInfo|x64.ActiveCfg = RelWithDebInfo|x64
		{3DC27812-7CE2-378C-B13F-6CBFBE5E9365}.RelWithDebInfo|x64.Build.0 = RelWithDebInfo|x64
		{9525DF10-6368-3141-9E49-AD5361B3B749}.Debug|x64.ActiveCfg = Debug|x64
		{9525DF10-6368-3141-9E49-AD5361B3B749}.Debug|x64.Build.0 = Debug|x64
		{9525DF10-6368-3141-9E49-AD5361B3B749}.Release|x64.ActiveCfg = Release|x64
		{9525DF10-6368-3141-9E49-AD5361B3B749}.Release|x64.Build.0 = Release|x64
		{9525DF10-6368-3141-9E49-AD5361B3B749}.MinSizeRel|x64.ActiveCfg = MinSizeRel|x64
		{9525DF10-6368-3141-9E49-AD5361B3B749}.MinSizeRel|x64.Build.0 = MinSizeRel|x64
		{9525DF10-6368-3141-9E49-AD5361B3B749}.RelWithDebInfo|x64.ActiveCfg = RelWithDebInfo|x64
		{9525DF10-6368-3141-9E49-AD5361B3B749}.RelWithDebInfo|x64.Build.0 = RelWithDebInfo|x64
		{684F3AD5-190E-3F0C-90D2-78133C28A89C}.Debug|x64.ActiveCfg = Debug|x64
		{684F3AD5-190E-3F0C-90D2-78133C28A89C}.Debug|x64.Build.0 = Debug|x64
		{684F3AD5-190E-3F0C-90D2-78133C28A89C}.Release|x64.ActiveCfg = Release|x64
		{684F3AD5-190E-3F0C-90D2-78133C28A89C}.Release|x64.Build.0 = Release|x64
		{684F3AD5-190E-3F0C-90D2-78133C28A89C}.MinSizeRel|x64.ActiveCfg = MinSizeRel|x64
		{684F3AD5-190E-3F0C-90D2-78133C28A89C}.MinSizeRel|x64.Build.0 = MinSizeRel|x64
		{684F3AD5-190E-3F0C-90D2-78133C28A89C}.RelWithDebInfo|x64.ActiveCfg = RelWithDebInfo|x64
		{684F3AD5-190E-3F0C-90D2-78133C28A89C}.RelWithDebInfo|x64.Build.0 = RelWithDebInfo|x64
		{F46ACA10-F95E-390B-A070-63440B3276F6}.Debug|x64.ActiveCfg = Debug|x64
		{F46ACA10-F95E-390B-A070-63440B3276F6}.Debug|x64.Build.0 = Debug|x64
		{F46ACA10-F95E-390B-A070-63440B3276F6}.Release|x64.ActiveCfg = Release|x64
		{F46ACA10-F95E-390B-A070-63440B3276F6}.Release|x64.Build.0 = Release|x64
		{F46ACA10-F95E-390B-A070-63440B3276F6}.MinSizeRel|x64.ActiveCfg = MinSizeRel|x64
		{F46ACA10-F95E-390B-A070-63440B3276F6}.MinSizeRel|x64.Build.0 = MinSizeRel|x64
		{F46ACA10-F95E-390B-A070-63440B3276F6}.RelWithDebInfo|x64.ActiveCfg = RelWithDebInfo|x64
		{F46ACA10-F95E-390B-A070-63440B3276F6}.RelWithDebInfo|x64.Build.0 = RelWithDebInfo|x64
		{293B44B8-29BE-32FC-A2FB-59A643450AD2}.Debug|x64.ActiveCfg = Debug|x64
		{293B44B8-29BE-32FC-A2FB-59A643450AD2}.Debug|x64.Build.0 = Debug|x64
		{293B44B8-29BE-32FC-A2FB-59A643450AD2}.Release|x64.ActiveCfg = Release|x64
		{293B44B8-29BE-32FC-A2FB-59A643450AD2}.Release|x64.Build.0 = Release|x64
		{293B44B8-29BE-32FC-A2FB-59A643450AD2}.MinSizeRel|x64.ActiveCfg = MinSizeRel|x64
		{293B44B8-29BE-32FC-A2FB-59A643450AD2}.MinSizeRel|x64.Build.0 = MinSizeRel|x64
		{293B44B8-29BE-32FC-A2FB-59A643450AD2}.RelWithDebInfo|x64.ActiveCfg = RelWithDebInfo|x64
		{293B44B8-29BE-32FC-A2FB-59A643450AD2}.RelWithDebInfo|x64.Build.0 = RelWithDebInfo|x64
		{35B26862-9569-3E27-97FF-7AF93B25170B}.Debug|x64.ActiveCfg = Debug|x64
		{35B26862-9569-3E27-97FF-7AF93B25170B}.Debug|x64.Build.0 = Debug|x64
		{35B26862-9569-3E27-97FF-7AF93B25170B}.Release|x64.ActiveCfg = Release|x64
		{35B26862-9569-3E27-97FF-7AF93B25170B}.Release|x64.Build.0 = Release|x64
		{35B26862-9569-3E27-97FF-7AF93B25170B}.MinSizeRel|x64.ActiveCfg = MinSizeRel|x64
		{35B26862-9569-3E27-97FF-7AF93B25170B}.MinSizeRel|x64.Build.0 = MinSizeRel|x64
		{35B26862-9569-3E27-97FF-7AF93B25170B}.RelWithDebInfo|x64.ActiveCfg = RelWithDebInfo|x64
		{35B26862-9569-3E27-97FF-7AF93B25170B}.RelWithDebInfo|x64.Build.0 = RelWithDebInfo|x64
		{463C7D2B-9935-396E-B04D-8A2393F68B23}.Debug|x64.ActiveCfg = Debug|x64
		{463C7D2B-9935-396E-B04D-8A2393F68B23}.Debug|x64.Build.0 = Debug|x64
		{463C7D2B-9935-396E-B04D-8A2393F68B23}.Release|x64.ActiveCfg = Release|x64
		{463C7D2B-9935-396E-B04D-8A2393F68B23}.Release|x64.Build.0 = Release|x64
		{463C7D2B-9935-396E-B04D-8A2393F68B23}.MinSizeRel|x64.ActiveCfg = MinSizeRel|x64
		{463C7D2B-9935-396E-B04D-8A2393F68B23}.MinSizeRel|x64.Build.0 = MinSizeRel|x64
		{463C7D2B-9935-396E-B04D-8A2393F68B23}.RelWithDebInfo|x64.ActiveCfg = RelWithDebInfo|x64
		{463C7D2B-9935-396E-B04D-8A2393F68B23}.RelWithDebInfo|x64.Build.0 = RelWithDebInfo|x64
		{ED4D1732-07DB-3042-B230-9F44C8887476}.Debug|x64.ActiveCfg = Debug|x64
		{ED4D1732-07DB-3042-B230-9F44C8887476}.Debug|x64.Build.0 = Debug|x64
		{ED4D1732-07DB-3042-B230-9F44C8887476}.Release|x64.ActiveCfg = Release|x64
		{ED4D1732-07DB-3042-B230-9F44C8887476}.Release|x64.Build.0 = Release|x64
		{ED4D1732-07DB-3042-B230-9F44C8887476}.MinSizeRel|x64.ActiveCfg = MinSizeRel|x64
		{ED4D1732-07DB-3042-B230-9F44C8887476}.MinSizeRel|x64.Build.0 = MinSizeRel|x64
		{ED4D1732-07DB-3042-B230-9F44C8887476}.RelWithDebInfo|x64.ActiveCfg = RelWithDebInfo|x64
		{ED4D1732-07DB-3042-B230-9F44C8887476}.RelWithDebInfo|x64.Build.0 = RelWithDebInfo|x64
		{123CC2C8-25D4-3322-B313-DA996A4EDFA7}.Debug|x64.ActiveCfg = Debug|x64
		{123CC2C8-25D4-3322-B313-DA996A4EDFA7}.Debug|x64.Build.0 = Debug|x64
		{123CC2C8-25D4-3322-B313-DA996A4EDFA7}.Release|x64.ActiveCfg = Release|x64
		{123CC2C8-25D4-3322-B313-DA996A4EDFA7}.Release|x64.Build.0 = Release|x64
		{123CC2C8-25D4-3322-B313-DA996A4EDFA7}.MinSizeRel|x64.ActiveCfg = MinSizeRel|x64
		{123CC2C8-25D4-3322-B313-DA996A4EDFA7}.MinSizeRel|x64.Build.0 = MinSizeRel|x64
		{123CC2C8-25D4-3322-B313-DA996A4EDFA7}.RelWithDebInfo|x64.ActiveCfg = RelWithDebInfo|x64
		{123CC2C8-25D4-3322-B313-DA996A4EDFA7}.RelWithDebInfo|x64.Build.0 = RelWithDebInfo|x64
		{49CA8A00-C1D4-3766-AAF4-D5B2BAC3B78A}.Debug|x64.ActiveCfg = Debug|x64
		{49CA8A00-C1D4-3766-AAF4-D5B2BAC3B78A}.Release|x64.ActiveCfg = Release|x64
		{49CA8A00-C1D4-3766-AAF4-D5B2BAC3B78A}.MinSizeRel|x64.ActiveCfg = MinSizeRel|x64
		{49CA8A00-C1D4-3766-AAF4-D5B2BAC3B78A}.RelWithDebInfo|x64.ActiveCfg = RelWithDebInfo|x64
		{48020308-6D06-3614-A303-4403D3D2FCD2}.Debug|x64.ActiveCfg = Debug|x64
		{48020308-6D06-3614-A303-4403D3D2FCD2}.Release|x64.ActiveCfg = Release|x64
		{48020308-6D06-3614-A303-4403D3D2FCD2}.MinSizeRel|x64.ActiveCfg = MinSizeRel|x64
		{48020308-6D06-3614-A303-4403D3D2FCD2}.RelWithDebInfo|x64.ActiveCfg = RelWithDebInfo|x64
		{2121C292-01B3-3CC9-968F-DE8D5328CD00}.Debug|x64.ActiveCfg = Debug|x64
		{2121C292-01B3-3CC9-968F-DE8D5328CD00}.Debug|x64.Build.0 = Debug|x64
		{2121C292-01B3-3CC9-968F-DE8D5328CD00}.Release|x64.ActiveCfg = Release|x64
		{2121C292-01B3-3CC9-968F-DE8D5328CD00}.Release|x64.Build.0 = Release|x64
		{2121C292-01B3-3CC9-968F-DE8D5328CD00}.MinSizeRel|x64.ActiveCfg = MinSizeRel|x64
		{2121C292-01B3-3CC9-968F-DE8D5328CD00}.MinSizeRel|x64.Build.0 = MinSizeRel|x64
		{2121C292-01B3-3CC9-968F-DE8D5328CD00}.RelWithDebInfo|x64.ActiveCfg = RelWithDebInfo|x64
		{2121C292-01B3-3CC9-968F-DE8D5328CD00}.RelWithDebInfo|x64.Build.0 = RelWithDebInfo|x64
		{90B18504-FE1D-3EA9-B931-52A16CDB8547}.Debug|x64.ActiveCfg = Debug|x64
		{90B18504-FE1D-3EA9-B931-52A16CDB8547}.Debug|x64.Build.0 = Debug|x64
		{90B18504-FE1D-3EA9-B931-52A16CDB8547}.Release|x64.ActiveCfg = Release|x64
		{90B18504-FE1D-3EA9-B931-52A16CDB8547}.Release|x64.Build.0 = Release|x64
		{90B18504-FE1D-3EA9-B931-52A16CDB8547}.MinSizeRel|x64.ActiveCfg = MinSizeRel|x64
		{90B18504-FE1D-3EA9-B931-52A16CDB8547}.MinSizeRel|x64.Build.0 = MinSizeRel|x64
		{90B18504-FE1D-3EA9-B931-52A16CDB8547}.RelWithDebInfo|x64.ActiveCfg = RelWithDebInfo|x64
		{90B18504-FE1D-3EA9-B931-52A16CDB8547}.RelWithDebInfo|x64.Build.0 = RelWithDebInfo|x64
	EndGlobalSection
	GlobalSection(NestedProjects) = preSolution
		{A8CB1378-9C47-3A83-B357-600554795063} = {9014EFC2-6A36-34D2-BE09-ED88E9A79499}
		{6C257310-157E-3876-AF50-A151F0B6928D} = {9014EFC2-6A36-34D2-BE09-ED88E9A79499}
		{8AB89E46-D371-33F5-8BB7-C275F81A6FEE} = {9014EFC2-6A36-34D2-BE09-ED88E9A79499}
		{66AE42CB-388D-385C-9336-577816C94D5C} = {A0E1BF5F-294E-30FA-B093-83F2200B8BAB}
		{BCB93E73-ECE4-31A0-BC99-B366293E5B7B} = {A0E1BF5F-294E-30FA-B093-83F2200B8BAB}
		{C7611B64-6811-32CA-A202-567B13ECF3FC} = {A0E1BF5F-294E-30FA-B093-83F2200B8BAB}
		{49CA8A00-C1D4-3766-AAF4-D5B2BAC3B78A} = {A0E1BF5F-294E-30FA-B093-83F2200B8BAB}
		{48020308-6D06-3614-A303-4403D3D2FCD2} = {A0E1BF5F-294E-30FA-B093-83F2200B8BAB}
		{740C5D4F-BF8A-31C4-A883-B4EB6D87CBED} = {66AE42CB-388D-385C-9336-577816C94D5C}
		{B94B42BD-4E48-3E17-A84C-E5D5C8768F44} = {66AE42CB-388D-385C-9336-577816C94D5C}
		{44FE7211-76FE-3620-9AB0-DA6EE08A550D} = {66AE42CB-388D-385C-9336-577816C94D5C}
		{857875A7-3E60-342E-B16B-457EC3683728} = {66AE42CB-388D-385C-9336-577816C94D5C}
		{C859F4B4-9490-3249-99D0-2BA40FD0BEF3} = {66AE42CB-388D-385C-9336-577816C94D5C}
		{9525DF10-6368-3141-9E49-AD5361B3B749} = {66AE42CB-388D-385C-9336-577816C94D5C}
		{684F3AD5-190E-3F0C-90D2-78133C28A89C} = {66AE42CB-388D-385C-9336-577816C94D5C}
		{F46ACA10-F95E-390B-A070-63440B3276F6} = {66AE42CB-388D-385C-9336-577816C94D5C}
		{2121C292-01B3-3CC9-968F-DE8D5328CD00} = {66AE42CB-388D-385C-9336-577816C94D5C}
		{B957BE23-9145-3D99-AFCC-D40522B78F23} = {BCB93E73-ECE4-31A0-BC99-B366293E5B7B}
		{812AFB02-DB33-3EF4-B232-F9BD790D4AF0} = {BCB93E73-ECE4-31A0-BC99-B366293E5B7B}
		{326240B6-A8AC-3FB9-9B6B-6555F2BCE2C1} = {BCB93E73-ECE4-31A0-BC99-B366293E5B7B}
		{D3C3E323-3306-3544-A410-19A5CF40AE40} = {BCB93E73-ECE4-31A0-BC99-B366293E5B7B}
		{05A5BBB3-5733-3761-AC99-9023BAA73E56} = {BCB93E73-ECE4-31A0-BC99-B366293E5B7B}
		{0EC8D81A-878F-3BDB-9183-CE412AB70034} = {BCB93E73-ECE4-31A0-BC99-B366293E5B7B}
		{DE92028A-6749-349B-9639-141724EA7661} = {BCB93E73-ECE4-31A0-BC99-B366293E5B7B}
		{31633202-D215-320D-8F14-433A2BBA0539} = {BCB93E73-ECE4-31A0-BC99-B366293E5B7B}
		{0FBB6132-86F8-319E-ADB6-CFCC24D831DA} = {BCB93E73-ECE4-31A0-BC99-B366293E5B7B}
		{B4B875B6-74BF-3680-B428-3EDDDE695714} = {BCB93E73-ECE4-31A0-BC99-B366293E5B7B}
		{28F52702-8773-3781-9DD5-ADA00871A9C5} = {BCB93E73-ECE4-31A0-BC99-B366293E5B7B}
		{4951A04B-05CE-3B81-AC50-136DBD7D7069} = {BCB93E73-ECE4-31A0-BC99-B366293E5B7B}
		{F379784C-3D75-3AB9-AFF4-01979D227914} = {BCB93E73-ECE4-31A0-BC99-B366293E5B7B}
		{3DC27812-7CE2-378C-B13F-6CBFBE5E9365} = {BCB93E73-ECE4-31A0-BC99-B366293E5B7B}
		{293B44B8-29BE-32FC-A2FB-59A643450AD2} = {BCB93E73-ECE4-31A0-BC99-B366293E5B7B}
		{35B26862-9569-3E27-97FF-7AF93B25170B} = {BCB93E73-ECE4-31A0-BC99-B366293E5B7B}
		{463C7D2B-9935-396E-B04D-8A2393F68B23} = {BCB93E73-ECE4-31A0-BC99-B366293E5B7B}
		{ED4D1732-07DB-3042-B230-9F44C8887476} = {BCB93E73-ECE4-31A0-BC99-B366293E5B7B}
		{123CC2C8-25D4-3322-B313-DA996A4EDFA7} = {BCB93E73-ECE4-31A0-BC99-B366293E5B7B}
		{90B18504-FE1D-3EA9-B931-52A16CDB8547} = {BCB93E73-ECE4-31A0-BC99-B366293E5B7B}
	EndGlobalSection
	GlobalSection(ExtensibilityGlobals) = postSolution
		SolutionGuid = {67ECC85E-1799-3837-BABF-D7692B5A3007}
	EndGlobalSection
	GlobalSection(ExtensibilityAddIns) = postSolution
	EndGlobalSection
EndGlobal
